// !$*UTF8*$!
{
	archiveVersion = 1;
	classes = {
	};
	objectVersion = 55;
	objects = {

/* Begin PBXBuildFile section */
		C73D7BFB27E36D05005AFA23 /* ReminderDoneButton.swift in Sources */ = {isa = PBXBuildFile; fileRef = C73D7BFA27E36D05005AFA23 /* ReminderDoneButton.swift */; };
		C73D7BFD27E36D56005AFA23 /* ReminderListViewController+Actions.swift in Sources */ = {isa = PBXBuildFile; fileRef = C73D7BFC27E36D56005AFA23 /* ReminderListViewController+Actions.swift */; };
		C73D7BFF27E377CC005AFA23 /* ReminderViewController.swift in Sources */ = {isa = PBXBuildFile; fileRef = C73D7BFE27E377CC005AFA23 /* ReminderViewController.swift */; };
		C73D7C0327E3791C005AFA23 /* ReminderViewController+Row.swift in Sources */ = {isa = PBXBuildFile; fileRef = C73D7C0227E3791C005AFA23 /* ReminderViewController+Row.swift */; };
		C77902B127E4C21000EA8493 /* ReminderVIewController+Section.swift in Sources */ = {isa = PBXBuildFile; fileRef = C77902B027E4C21000EA8493 /* ReminderVIewController+Section.swift */; };
		C77902B327E4C8B300EA8493 /* ReminderViewController+CellConfiguration.swift in Sources */ = {isa = PBXBuildFile; fileRef = C77902B227E4C8B300EA8493 /* ReminderViewController+CellConfiguration.swift */; };
		C77902B627E4CC6F00EA8493 /* UIView+PinnedSubview.swift in Sources */ = {isa = PBXBuildFile; fileRef = C77902B527E4CC6F00EA8493 /* UIView+PinnedSubview.swift */; };
		C77902B827E4D22600EA8493 /* TextFieldContentView.swift in Sources */ = {isa = PBXBuildFile; fileRef = C77902B727E4D22600EA8493 /* TextFieldContentView.swift */; };
		C77902BA27E4D32300EA8493 /* Configuration+Stateless.swift in Sources */ = {isa = PBXBuildFile; fileRef = C77902B927E4D32300EA8493 /* Configuration+Stateless.swift */; };
		C77902BC27E4D88900EA8493 /* TextViewContentView.swift in Sources */ = {isa = PBXBuildFile; fileRef = C77902BB27E4D88900EA8493 /* TextViewContentView.swift */; };
		C77902BE27E4D99100EA8493 /* DatePickerContentView.swift in Sources */ = {isa = PBXBuildFile; fileRef = C77902BD27E4D99100EA8493 /* DatePickerContentView.swift */; };
		C77B41B727E22032000F46CB /* AppDelegate.swift in Sources */ = {isa = PBXBuildFile; fileRef = C77B41B627E22032000F46CB /* AppDelegate.swift */; };
		C77B41B927E22032000F46CB /* SceneDelegate.swift in Sources */ = {isa = PBXBuildFile; fileRef = C77B41B827E22032000F46CB /* SceneDelegate.swift */; };
		C77B41BB27E22032000F46CB /* ReminderListViewController.swift in Sources */ = {isa = PBXBuildFile; fileRef = C77B41BA27E22032000F46CB /* ReminderListViewController.swift */; };
		C77B41BE27E22032000F46CB /* Main.storyboard in Resources */ = {isa = PBXBuildFile; fileRef = C77B41BC27E22032000F46CB /* Main.storyboard */; };
		C77B41C027E22034000F46CB /* Assets.xcassets in Resources */ = {isa = PBXBuildFile; fileRef = C77B41BF27E22034000F46CB /* Assets.xcassets */; };
		C77B41C327E22034000F46CB /* LaunchScreen.storyboard in Resources */ = {isa = PBXBuildFile; fileRef = C77B41C127E22034000F46CB /* LaunchScreen.storyboard */; };
		C77B41CF27E22469000F46CB /* Reminder.swift in Sources */ = {isa = PBXBuildFile; fileRef = C77B41CE27E22469000F46CB /* Reminder.swift */; };
		C77B41D127E22C54000F46CB /* UIColor+Today.swift in Sources */ = {isa = PBXBuildFile; fileRef = C77B41D027E22C54000F46CB /* UIColor+Today.swift */; };
		C77B41D327E22C71000F46CB /* Date+Today.swift in Sources */ = {isa = PBXBuildFile; fileRef = C77B41D227E22C71000F46CB /* Date+Today.swift */; };
		C77B41D627E2311B000F46CB /* ReminderListViewController+DataSource.swift in Sources */ = {isa = PBXBuildFile; fileRef = C77B41D527E2311B000F46CB /* ReminderListViewController+DataSource.swift */; };
		C790FF8027E7499900F5367E /* ReminderListStyle.swift in Sources */ = {isa = PBXBuildFile; fileRef = C790FF7F27E7499900F5367E /* ReminderListStyle.swift */; };
		C790FF8227E75C2E00F5367E /* ProgressHeaderView.swift in Sources */ = {isa = PBXBuildFile; fileRef = C790FF8127E75C2E00F5367E /* ProgressHeaderView.swift */; };
/* End PBXBuildFile section */

/* Begin PBXFileReference section */
		C73D7BFA27E36D05005AFA23 /* ReminderDoneButton.swift */ = {isa = PBXFileReference; lastKnownFileType = sourcecode.swift; path = ReminderDoneButton.swift; sourceTree = "<group>"; };
		C73D7BFC27E36D56005AFA23 /* ReminderListViewController+Actions.swift */ = {isa = PBXFileReference; lastKnownFileType = sourcecode.swift; path = "ReminderListViewController+Actions.swift"; sourceTree = "<group>"; };
		C73D7BFE27E377CC005AFA23 /* ReminderViewController.swift */ = {isa = PBXFileReference; lastKnownFileType = sourcecode.swift; path = ReminderViewController.swift; sourceTree = "<group>"; };
		C73D7C0227E3791C005AFA23 /* ReminderViewController+Row.swift */ = {isa = PBXFileReference; lastKnownFileType = sourcecode.swift; path = "ReminderViewController+Row.swift"; sourceTree = "<group>"; };
		C77902B027E4C21000EA8493 /* ReminderVIewController+Section.swift */ = {isa = PBXFileReference; lastKnownFileType = sourcecode.swift; path = "ReminderVIewController+Section.swift"; sourceTree = "<group>"; };
		C77902B227E4C8B300EA8493 /* ReminderViewController+CellConfiguration.swift */ = {isa = PBXFileReference; lastKnownFileType = sourcecode.swift; path = "ReminderViewController+CellConfiguration.swift"; sourceTree = "<group>"; };
		C77902B527E4CC6F00EA8493 /* UIView+PinnedSubview.swift */ = {isa = PBXFileReference; lastKnownFileType = sourcecode.swift; path = "UIView+PinnedSubview.swift"; sourceTree = "<group>"; };
		C77902B727E4D22600EA8493 /* TextFieldContentView.swift */ = {isa = PBXFileReference; lastKnownFileType = sourcecode.swift; path = TextFieldContentView.swift; sourceTree = "<group>"; };
		C77902B927E4D32300EA8493 /* Configuration+Stateless.swift */ = {isa = PBXFileReference; lastKnownFileType = sourcecode.swift; path = "Configuration+Stateless.swift"; sourceTree = "<group>"; };
		C77902BB27E4D88900EA8493 /* TextViewContentView.swift */ = {isa = PBXFileReference; lastKnownFileType = sourcecode.swift; path = TextViewContentView.swift; sourceTree = "<group>"; };
		C77902BD27E4D99100EA8493 /* DatePickerContentView.swift */ = {isa = PBXFileReference; lastKnownFileType = sourcecode.swift; path = DatePickerContentView.swift; sourceTree = "<group>"; };
		C77B41B327E22032000F46CB /* Today.app */ = {isa = PBXFileReference; explicitFileType = wrapper.application; includeInIndex = 0; path = Today.app; sourceTree = BUILT_PRODUCTS_DIR; };
		C77B41B627E22032000F46CB /* AppDelegate.swift */ = {isa = PBXFileReference; lastKnownFileType = sourcecode.swift; path = AppDelegate.swift; sourceTree = "<group>"; };
		C77B41B827E22032000F46CB /* SceneDelegate.swift */ = {isa = PBXFileReference; lastKnownFileType = sourcecode.swift; path = SceneDelegate.swift; sourceTree = "<group>"; };
		C77B41BA27E22032000F46CB /* ReminderListViewController.swift */ = {isa = PBXFileReference; lastKnownFileType = sourcecode.swift; path = ReminderListViewController.swift; sourceTree = "<group>"; };
		C77B41BD27E22032000F46CB /* Base */ = {isa = PBXFileReference; lastKnownFileType = file.storyboard; name = Base; path = Base.lproj/Main.storyboard; sourceTree = "<group>"; };
		C77B41BF27E22034000F46CB /* Assets.xcassets */ = {isa = PBXFileReference; lastKnownFileType = folder.assetcatalog; path = Assets.xcassets; sourceTree = "<group>"; };
		C77B41C227E22034000F46CB /* Base */ = {isa = PBXFileReference; lastKnownFileType = file.storyboard; name = Base; path = Base.lproj/LaunchScreen.storyboard; sourceTree = "<group>"; };
		C77B41C427E22034000F46CB /* Info.plist */ = {isa = PBXFileReference; lastKnownFileType = text.plist.xml; path = Info.plist; sourceTree = "<group>"; };
		C77B41CE27E22469000F46CB /* Reminder.swift */ = {isa = PBXFileReference; lastKnownFileType = sourcecode.swift; path = Reminder.swift; sourceTree = "<group>"; };
		C77B41D027E22C54000F46CB /* UIColor+Today.swift */ = {isa = PBXFileReference; fileEncoding = 4; lastKnownFileType = sourcecode.swift; path = "UIColor+Today.swift"; sourceTree = "<group>"; };
		C77B41D227E22C71000F46CB /* Date+Today.swift */ = {isa = PBXFileReference; lastKnownFileType = sourcecode.swift; path = "Date+Today.swift"; sourceTree = "<group>"; };
		C77B41D527E2311B000F46CB /* ReminderListViewController+DataSource.swift */ = {isa = PBXFileReference; lastKnownFileType = sourcecode.swift; path = "ReminderListViewController+DataSource.swift"; sourceTree = "<group>"; };
		C790FF7F27E7499900F5367E /* ReminderListStyle.swift */ = {isa = PBXFileReference; lastKnownFileType = sourcecode.swift; path = ReminderListStyle.swift; sourceTree = "<group>"; };
		C790FF8127E75C2E00F5367E /* ProgressHeaderView.swift */ = {isa = PBXFileReference; lastKnownFileType = sourcecode.swift; path = ProgressHeaderView.swift; sourceTree = "<group>"; };
/* End PBXFileReference section */

/* Begin PBXFrameworksBuildPhase section */
		C77B41B027E22032000F46CB /* Frameworks */ = {
			isa = PBXFrameworksBuildPhase;
			buildActionMask = 2147483647;
			files = (
			);
			runOnlyForDeploymentPostprocessing = 0;
		};
/* End PBXFrameworksBuildPhase section */

/* Begin PBXGroup section */
		C73D7C0127E378F9005AFA23 /* DetailViewControllers */ = {
			isa = PBXGroup;
			children = (
				C73D7BFE27E377CC005AFA23 /* ReminderViewController.swift */,
				C73D7C0227E3791C005AFA23 /* ReminderViewController+Row.swift */,
				C77902B027E4C21000EA8493 /* ReminderVIewController+Section.swift */,
				C77902B227E4C8B300EA8493 /* ReminderViewController+CellConfiguration.swift */,
			);
			path = DetailViewControllers;
			sourceTree = "<group>";
		};
		C77902B427E4CC5500EA8493 /* ContentViews */ = {
			isa = PBXGroup;
			children = (
				C77902B527E4CC6F00EA8493 /* UIView+PinnedSubview.swift */,
				C77902B727E4D22600EA8493 /* TextFieldContentView.swift */,
				C77902B927E4D32300EA8493 /* Configuration+Stateless.swift */,
				C77902BB27E4D88900EA8493 /* TextViewContentView.swift */,
				C77902BD27E4D99100EA8493 /* DatePickerContentView.swift */,
			);
			path = ContentViews;
			sourceTree = "<group>";
		};
		C77B41AA27E22032000F46CB = {
			isa = PBXGroup;
			children = (
				C77B41B527E22032000F46CB /* Today */,
				C77B41B427E22032000F46CB /* Products */,
			);
			sourceTree = "<group>";
		};
		C77B41B427E22032000F46CB /* Products */ = {
			isa = PBXGroup;
			children = (
				C77B41B327E22032000F46CB /* Today.app */,
			);
			name = Products;
			sourceTree = "<group>";
		};
		C77B41B527E22032000F46CB /* Today */ = {
			isa = PBXGroup;
			children = (
				C77B41CA27E223CD000F46CB /* Helpers */,
				C77B41D427E230EB000F46CB /* ListViewControllers */,
				C73D7C0127E378F9005AFA23 /* DetailViewControllers */,
				C77902B427E4CC5500EA8493 /* ContentViews */,
				C77B41CD27E22406000F46CB /* Models */,
				C77B41CC27E223E6000F46CB /* StoryBoards */,
				C77B41BF27E22034000F46CB /* Assets.xcassets */,
				C77B41C427E22034000F46CB /* Info.plist */,
			);
			path = Today;
			sourceTree = "<group>";
		};
		C77B41CA27E223CD000F46CB /* Helpers */ = {
			isa = PBXGroup;
			children = (
				C77B41B627E22032000F46CB /* AppDelegate.swift */,
				C77B41B827E22032000F46CB /* SceneDelegate.swift */,
			);
			path = Helpers;
			sourceTree = "<group>";
		};
		C77B41CC27E223E6000F46CB /* StoryBoards */ = {
			isa = PBXGroup;
			children = (
				C77B41BC27E22032000F46CB /* Main.storyboard */,
				C77B41C127E22034000F46CB /* LaunchScreen.storyboard */,
			);
			path = StoryBoards;
			sourceTree = "<group>";
		};
		C77B41CD27E22406000F46CB /* Models */ = {
			isa = PBXGroup;
			children = (
				C77B41CE27E22469000F46CB /* Reminder.swift */,
				C77B41D027E22C54000F46CB /* UIColor+Today.swift */,
				C77B41D227E22C71000F46CB /* Date+Today.swift */,
				C790FF7F27E7499900F5367E /* ReminderListStyle.swift */,
			);
			path = Models;
			sourceTree = "<group>";
		};
		C77B41D427E230EB000F46CB /* ListViewControllers */ = {
			isa = PBXGroup;
			children = (
				C77B41BA27E22032000F46CB /* ReminderListViewController.swift */,
				C77B41D527E2311B000F46CB /* ReminderListViewController+DataSource.swift */,
				C73D7BFA27E36D05005AFA23 /* ReminderDoneButton.swift */,
				C73D7BFC27E36D56005AFA23 /* ReminderListViewController+Actions.swift */,
				C790FF8127E75C2E00F5367E /* ProgressHeaderView.swift */,
			);
			path = ListViewControllers;
			sourceTree = "<group>";
		};
/* End PBXGroup section */

/* Begin PBXNativeTarget section */
		C77B41B227E22032000F46CB /* Today */ = {
			isa = PBXNativeTarget;
			buildConfigurationList = C77B41C727E22034000F46CB /* Build configuration list for PBXNativeTarget "Today" */;
			buildPhases = (
				C77B41AF27E22032000F46CB /* Sources */,
				C77B41B027E22032000F46CB /* Frameworks */,
				C77B41B127E22032000F46CB /* Resources */,
			);
			buildRules = (
			);
			dependencies = (
			);
			name = Today;
			productName = Today;
			productReference = C77B41B327E22032000F46CB /* Today.app */;
			productType = "com.apple.product-type.application";
		};
/* End PBXNativeTarget section */

/* Begin PBXProject section */
		C77B41AB27E22032000F46CB /* Project object */ = {
			isa = PBXProject;
			attributes = {
				BuildIndependentTargetsInParallel = 1;
				LastSwiftUpdateCheck = 1320;
				LastUpgradeCheck = 1320;
				TargetAttributes = {
					C77B41B227E22032000F46CB = {
						CreatedOnToolsVersion = 13.2.1;
					};
				};
			};
			buildConfigurationList = C77B41AE27E22032000F46CB /* Build configuration list for PBXProject "Today" */;
			compatibilityVersion = "Xcode 13.0";
			developmentRegion = en;
			hasScannedForEncodings = 0;
			knownRegions = (
				en,
				Base,
			);
			mainGroup = C77B41AA27E22032000F46CB;
			productRefGroup = C77B41B427E22032000F46CB /* Products */;
			projectDirPath = "";
			projectRoot = "";
			targets = (
				C77B41B227E22032000F46CB /* Today */,
			);
		};
/* End PBXProject section */

/* Begin PBXResourcesBuildPhase section */
		C77B41B127E22032000F46CB /* Resources */ = {
			isa = PBXResourcesBuildPhase;
			buildActionMask = 2147483647;
			files = (
				C77B41C327E22034000F46CB /* LaunchScreen.storyboard in Resources */,
				C77B41C027E22034000F46CB /* Assets.xcassets in Resources */,
				C77B41BE27E22032000F46CB /* Main.storyboard in Resources */,
			);
			runOnlyForDeploymentPostprocessing = 0;
		};
/* End PBXResourcesBuildPhase section */

/* Begin PBXSourcesBuildPhase section */
		C77B41AF27E22032000F46CB /* Sources */ = {
			isa = PBXSourcesBuildPhase;
			buildActionMask = 2147483647;
			files = (
				C790FF8227E75C2E00F5367E /* ProgressHeaderView.swift in Sources */,
				C77902B627E4CC6F00EA8493 /* UIView+PinnedSubview.swift in Sources */,
				C77B41BB27E22032000F46CB /* ReminderListViewController.swift in Sources */,
				C77902BE27E4D99100EA8493 /* DatePickerContentView.swift in Sources */,
				C73D7BFD27E36D56005AFA23 /* ReminderListViewController+Actions.swift in Sources */,
				C77902BA27E4D32300EA8493 /* Configuration+Stateless.swift in Sources */,
				C73D7BFF27E377CC005AFA23 /* ReminderViewController.swift in Sources */,
				C790FF8027E7499900F5367E /* ReminderListStyle.swift in Sources */,
				C77902B827E4D22600EA8493 /* TextFieldContentView.swift in Sources */,
				C77B41B727E22032000F46CB /* AppDelegate.swift in Sources */,
				C77B41D127E22C54000F46CB /* UIColor+Today.swift in Sources */,
				C73D7C0327E3791C005AFA23 /* ReminderViewController+Row.swift in Sources */,
				C77902BC27E4D88900EA8493 /* TextViewContentView.swift in Sources */,
				C73D7BFB27E36D05005AFA23 /* ReminderDoneButton.swift in Sources */,
				C77B41D327E22C71000F46CB /* Date+Today.swift in Sources */,
				C77902B127E4C21000EA8493 /* ReminderVIewController+Section.swift in Sources */,
				C77902B327E4C8B300EA8493 /* ReminderViewController+CellConfiguration.swift in Sources */,
				C77B41D627E2311B000F46CB /* ReminderListViewController+DataSource.swift in Sources */,
				C77B41B927E22032000F46CB /* SceneDelegate.swift in Sources */,
				C77B41CF27E22469000F46CB /* Reminder.swift in Sources */,
			);
			runOnlyForDeploymentPostprocessing = 0;
		};
/* End PBXSourcesBuildPhase section */

/* Begin PBXVariantGroup section */
		C77B41BC27E22032000F46CB /* Main.storyboard */ = {
			isa = PBXVariantGroup;
			children = (
				C77B41BD27E22032000F46CB /* Base */,
			);
			name = Main.storyboard;
			sourceTree = "<group>";
		};
		C77B41C127E22034000F46CB /* LaunchScreen.storyboard */ = {
			isa = PBXVariantGroup;
			children = (
				C77B41C227E22034000F46CB /* Base */,
			);
			name = LaunchScreen.storyboard;
			sourceTree = "<group>";
		};
/* End PBXVariantGroup section */

/* Begin XCBuildConfiguration section */
		C77B41C527E22034000F46CB /* Debug */ = {
			isa = XCBuildConfiguration;
			buildSettings = {
				ALWAYS_SEARCH_USER_PATHS = NO;
				CLANG_ANALYZER_NONNULL = YES;
				CLANG_ANALYZER_NUMBER_OBJECT_CONVERSION = YES_AGGRESSIVE;
				CLANG_CXX_LANGUAGE_STANDARD = "gnu++17";
				CLANG_CXX_LIBRARY = "libc++";
				CLANG_ENABLE_MODULES = YES;
				CLANG_ENABLE_OBJC_ARC = YES;
				CLANG_ENABLE_OBJC_WEAK = YES;
				CLANG_WARN_BLOCK_CAPTURE_AUTORELEASING = YES;
				CLANG_WARN_BOOL_CONVERSION = YES;
				CLANG_WARN_COMMA = YES;
				CLANG_WARN_CONSTANT_CONVERSION = YES;
				CLANG_WARN_DEPRECATED_OBJC_IMPLEMENTATIONS = YES;
				CLANG_WARN_DIRECT_OBJC_ISA_USAGE = YES_ERROR;
				CLANG_WARN_DOCUMENTATION_COMMENTS = YES;
				CLANG_WARN_EMPTY_BODY = YES;
				CLANG_WARN_ENUM_CONVERSION = YES;
				CLANG_WARN_INFINITE_RECURSION = YES;
				CLANG_WARN_INT_CONVERSION = YES;
				CLANG_WARN_NON_LITERAL_NULL_CONVERSION = YES;
				CLANG_WARN_OBJC_IMPLICIT_RETAIN_SELF = YES;
				CLANG_WARN_OBJC_LITERAL_CONVERSION = YES;
				CLANG_WARN_OBJC_ROOT_CLASS = YES_ERROR;
				CLANG_WARN_QUOTED_INCLUDE_IN_FRAMEWORK_HEADER = YES;
				CLANG_WARN_RANGE_LOOP_ANALYSIS = YES;
				CLANG_WARN_STRICT_PROTOTYPES = YES;
				CLANG_WARN_SUSPICIOUS_MOVE = YES;
				CLANG_WARN_UNGUARDED_AVAILABILITY = YES_AGGRESSIVE;
				CLANG_WARN_UNREACHABLE_CODE = YES;
				CLANG_WARN__DUPLICATE_METHOD_MATCH = YES;
				COPY_PHASE_STRIP = NO;
				DEBUG_INFORMATION_FORMAT = dwarf;
				ENABLE_STRICT_OBJC_MSGSEND = YES;
				ENABLE_TESTABILITY = YES;
				GCC_C_LANGUAGE_STANDARD = gnu11;
				GCC_DYNAMIC_NO_PIC = NO;
				GCC_NO_COMMON_BLOCKS = YES;
				GCC_OPTIMIZATION_LEVEL = 0;
				GCC_PREPROCESSOR_DEFINITIONS = (
					"DEBUG=1",
					"$(inherited)",
				);
				GCC_WARN_64_TO_32_BIT_CONVERSION = YES;
				GCC_WARN_ABOUT_RETURN_TYPE = YES_ERROR;
				GCC_WARN_UNDECLARED_SELECTOR = YES;
				GCC_WARN_UNINITIALIZED_AUTOS = YES_AGGRESSIVE;
				GCC_WARN_UNUSED_FUNCTION = YES;
				GCC_WARN_UNUSED_VARIABLE = YES;
				IPHONEOS_DEPLOYMENT_TARGET = 15.2;
				MTL_ENABLE_DEBUG_INFO = INCLUDE_SOURCE;
				MTL_FAST_MATH = YES;
				ONLY_ACTIVE_ARCH = YES;
				SDKROOT = iphoneos;
				SWIFT_ACTIVE_COMPILATION_CONDITIONS = DEBUG;
				SWIFT_OPTIMIZATION_LEVEL = "-Onone";
			};
			name = Debug;
		};
		C77B41C627E22034000F46CB /* Release */ = {
			isa = XCBuildConfiguration;
			buildSettings = {
				ALWAYS_SEARCH_USER_PATHS = NO;
				CLANG_ANALYZER_NONNULL = YES;
				CLANG_ANALYZER_NUMBER_OBJECT_CONVERSION = YES_AGGRESSIVE;
				CLANG_CXX_LANGUAGE_STANDARD = "gnu++17";
				CLANG_CXX_LIBRARY = "libc++";
				CLANG_ENABLE_MODULES = YES;
				CLANG_ENABLE_OBJC_ARC = YES;
				CLANG_ENABLE_OBJC_WEAK = YES;
				CLANG_WARN_BLOCK_CAPTURE_AUTORELEASING = YES;
				CLANG_WARN_BOOL_CONVERSION = YES;
				CLANG_WARN_COMMA = YES;
				CLANG_WARN_CONSTANT_CONVERSION = YES;
				CLANG_WARN_DEPRECATED_OBJC_IMPLEMENTATIONS = YES;
				CLANG_WARN_DIRECT_OBJC_ISA_USAGE = YES_ERROR;
				CLANG_WARN_DOCUMENTATION_COMMENTS = YES;
				CLANG_WARN_EMPTY_BODY = YES;
				CLANG_WARN_ENUM_CONVERSION = YES;
				CLANG_WARN_INFINITE_RECURSION = YES;
				CLANG_WARN_INT_CONVERSION = YES;
				CLANG_WARN_NON_LITERAL_NULL_CONVERSION = YES;
				CLANG_WARN_OBJC_IMPLICIT_RETAIN_SELF = YES;
				CLANG_WARN_OBJC_LITERAL_CONVERSION = YES;
				CLANG_WARN_OBJC_ROOT_CLASS = YES_ERROR;
				CLANG_WARN_QUOTED_INCLUDE_IN_FRAMEWORK_HEADER = YES;
				CLANG_WARN_RANGE_LOOP_ANALYSIS = YES;
				CLANG_WARN_STRICT_PROTOTYPES = YES;
				CLANG_WARN_SUSPICIOUS_MOVE = YES;
				CLANG_WARN_UNGUARDED_AVAILABILITY = YES_AGGRESSIVE;
				CLANG_WARN_UNREACHABLE_CODE = YES;
				CLANG_WARN__DUPLICATE_METHOD_MATCH = YES;
				COPY_PHASE_STRIP = NO;
				DEBUG_INFORMATION_FORMAT = "dwarf-with-dsym";
				ENABLE_NS_ASSERTIONS = NO;
				ENABLE_STRICT_OBJC_MSGSEND = YES;
				GCC_C_LANGUAGE_STANDARD = gnu11;
				GCC_NO_COMMON_BLOCKS = YES;
				GCC_WARN_64_TO_32_BIT_CONVERSION = YES;
				GCC_WARN_ABOUT_RETURN_TYPE = YES_ERROR;
				GCC_WARN_UNDECLARED_SELECTOR = YES;
				GCC_WARN_UNINITIALIZED_AUTOS = YES_AGGRESSIVE;
				GCC_WARN_UNUSED_FUNCTION = YES;
				GCC_WARN_UNUSED_VARIABLE = YES;
				IPHONEOS_DEPLOYMENT_TARGET = 15.2;
				MTL_ENABLE_DEBUG_INFO = NO;
				MTL_FAST_MATH = YES;
				SDKROOT = iphoneos;
				SWIFT_COMPILATION_MODE = wholemodule;
				SWIFT_OPTIMIZATION_LEVEL = "-O";
				VALIDATE_PRODUCT = YES;
			};
			name = Release;
		};
		C77B41C827E22034000F46CB /* Debug */ = {
			isa = XCBuildConfiguration;
			buildSettings = {
				ASSETCATALOG_COMPILER_APPICON_NAME = AppIcon;
				ASSETCATALOG_COMPILER_GLOBAL_ACCENT_COLOR_NAME = AccentColor;
				CODE_SIGN_STYLE = Automatic;
				CURRENT_PROJECT_VERSION = 1;
				GENERATE_INFOPLIST_FILE = YES;
				INFOPLIST_FILE = Today/Info.plist;
				INFOPLIST_KEY_UIApplicationSupportsIndirectInputEvents = YES;
				INFOPLIST_KEY_UILaunchStoryboardName = LaunchScreen;
				INFOPLIST_KEY_UIMainStoryboardFile = Main;
				INFOPLIST_KEY_UISupportedInterfaceOrientations_iPad = "UIInterfaceOrientationPortrait UIInterfaceOrientationPortraitUpsideDown UIInterfaceOrientationLandscapeLeft UIInterfaceOrientationLandscapeRight";
				INFOPLIST_KEY_UISupportedInterfaceOrientations_iPhone = "UIInterfaceOrientationPortrait UIInterfaceOrientationLandscapeLeft UIInterfaceOrientationLandscapeRight";
				LD_RUNPATH_SEARCH_PATHS = (
					"$(inherited)",
					"@executable_path/Frameworks",
				);
				MARKETING_VERSION = 1.0;
				PRODUCT_BUNDLE_IDENTIFIER = com.isifip.Today;
				PRODUCT_NAME = "$(TARGET_NAME)";
				SWIFT_EMIT_LOC_STRINGS = YES;
				SWIFT_VERSION = 5.0;
				TARGETED_DEVICE_FAMILY = "1,2";
			};
			name = Debug;
		};
		C77B41C927E22034000F46CB /* Release */ = {
			isa = XCBuildConfiguration;
			buildSettings = {
				ASSETCATALOG_COMPILER_APPICON_NAME = AppIcon;
				ASSETCATALOG_COMPILER_GLOBAL_ACCENT_COLOR_NAME = AccentColor;
				CODE_SIGN_STYLE = Automatic;
				CURRENT_PROJECT_VERSION = 1;
				GENERATE_INFOPLIST_FILE = YES;
				INFOPLIST_FILE = Today/Info.plist;
				INFOPLIST_KEY_UIApplicationSupportsIndirectInputEvents = YES;
				INFOPLIST_KEY_UILaunchStoryboardName = LaunchScreen;
				INFOPLIST_KEY_UIMainStoryboardFile = Main;
				INFOPLIST_KEY_UISupportedInterfaceOrientations_iPad = "UIInterfaceOrientationPortrait UIInterfaceOrientationPortraitUpsideDown UIInterfaceOrientationLandscapeLeft UIInterfaceOrientationLandscapeRight";
				INFOPLIST_KEY_UISupportedInterfaceOrientations_iPhone = "UIInterfaceOrientationPortrait UIInterfaceOrientationLandscapeLeft UIInterfaceOrientationLandscapeRight";
				LD_RUNPATH_SEARCH_PATHS = (
					"$(inherited)",
					"@executable_path/Frameworks",
				);
				MARKETING_VERSION = 1.0;
				PRODUCT_BUNDLE_IDENTIFIER = com.isifip.Today;
				PRODUCT_NAME = "$(TARGET_NAME)";
				SWIFT_EMIT_LOC_STRINGS = YES;
				SWIFT_VERSION = 5.0;
				TARGETED_DEVICE_FAMILY = "1,2";
			};
			name = Release;
		};
/* End XCBuildConfiguration section */

/* Begin XCConfigurationList section */
		C77B41AE27E22032000F46CB /* Build configuration list for PBXProject "Today" */ = {
			isa = XCConfigurationList;
			buildConfigurations = (
				C77B41C527E22034000F46CB /* Debug */,
				C77B41C627E22034000F46CB /* Release */,
			);
			defaultConfigurationIsVisible = 0;
			defaultConfigurationName = Release;
		};
		C77B41C727E22034000F46CB /* Build configuration list for PBXNativeTarget "Today" */ = {
			isa = XCConfigurationList;
			buildConfigurations = (
				C77B41C827E22034000F46CB /* Debug */,
				C77B41C927E22034000F46CB /* Release */,
			);
			defaultConfigurationIsVisible = 0;
			defaultConfigurationName = Release;
		};
/* End XCConfigurationList section */
	};
	rootObject = C77B41AB27E22032000F46CB /* Project object */;
}
